
Microsoft Visual Studio Solution File, Format Version 12.00
# Visual Studio Version 17
VisualStudioVersion = 17.10.35013.160
MinimumVisualStudioVersion = 10.0.40219.1
Project("{8BC9CEB8-8B4A-11D0-8D11-00A0C91BC942}") = "Souvenirs", "Souvenirs\Souvenirs.vcxproj", "{ABE6F132-EDC6-4D70-A097-10241BDA8EEF}"
EndProject
Global
	GlobalSection(SolutionConfigurationPlatforms) = preSolution
		Debug|x64 = Debug|x64
		Debug|x86 = Debug|x86
		Release|x64 = Release|x64
		Release|x86 = Release|x86
	EndGlobalSection
	GlobalSection(ProjectConfigurationPlatforms) = postSolution
		{ABE6F132-EDC6-4D70-A097-10241BDA8EEF}.Debug|x64.ActiveCfg = Debug|x64
		{ABE6F132-EDC6-4D70-A097-10241BDA8EEF}.Debug|x64.Build.0 = Debug|x64
		{ABE6F132-EDC6-4D70-A097-10241BDA8EEF}.Debug|x86.ActiveCfg = Debug|Win32
		{ABE6F132-EDC6-4D70-A097-10241BDA8EEF}.Debug|x86.Build.0 = Debug|Win32
		{ABE6F132-EDC6-4D70-A097-10241BDA8EEF}.Release|x64.ActiveCfg = Release|x64
		{ABE6F132-EDC6-4D70-A097-10241BDA8EEF}.Release|x64.Build.0 = Release|x64
		{ABE6F132-EDC6-4D70-A097-10241BDA8EEF}.Release|x86.ActiveCfg = Release|Win32
		{ABE6F132-EDC6-4D70-A097-10241BDA8EEF}.Release|x86.Build.0 = Release|Win32
	EndGlobalSection
	GlobalSection(SolutionProperties) = preSolution
		HideSolutionNode = FALSE
	EndGlobalSection
	GlobalSection(ExtensibilityGlobals) = postSolution
		SolutionGuid = {0B95EFEF-90A0-44D5-92EF-D032C96E3935}
	EndGlobalSection
EndGlobal
